
Microsoft Visual Studio Solution File, Format Version 12.00
# Visual Studio 15
VisualStudioVersion = 15.0.26430.16
MinimumVisualStudioVersion = 10.0.40219.1
Project("{FAE04EC0-301F-11D3-BF4B-00C04F79EFBC}") = "FokWPF", "FokWPF\FokWPF.csproj", "{980B8876-B81C-4A19-8D1B-EE911B8CCAAD}"
EndProject
Global
	GlobalSection(SolutionConfigurationPlatforms) = preSolution
		Debug|Any CPU = Debug|Any CPU
		Release|Any CPU = Release|Any CPU
	EndGlobalSection
	GlobalSection(ProjectConfigurationPlatforms) = postSolution
		{980B8876-B81C-4A19-8D1B-EE911B8CCAAD}.Debug|Any CPU.ActiveCfg = Debug|Any CPU
		{980B8876-B81C-4A19-8D1B-EE911B8CCAAD}.Debug|Any CPU.Build.0 = Debug|Any CPU
		{980B8876-B81C-4A19-8D1B-EE911B8CCAAD}.Release|Any CPU.ActiveCfg = Release|Any CPU
		{980B8876-B81C-4A19-8D1B-EE911B8CCAAD}.Release|Any CPU.Build.0 = Release|Any CPU
	EndGlobalSection
	GlobalSection(SolutionProperties) = preSolution
		HideSolutionNode = FALSE
	EndGlobalSection
EndGlobal
